{
  "version": 4,
  "terraform_version": "0.12.10",
  "serial": 1,
  "lineage": "fe6c0b0a-71f7-f44d-9eb1-6eeca98d1318",
  "outputs": {},
  "resources": [
    {
      "mode": "data",
      "type": "vsphere_datacenter",
      "name": "matran",
      "provider": "provider.vsphere",
      "instances": [
        {
          "schema_version": 0,
          "attributes": {
            "id": "datacenter-26",
            "name": null
          }
        }
      ]
    },
    {
      "mode": "data",
      "type": "vsphere_datastore",
      "name": "datastore1",
      "provider": "provider.vsphere",
      "instances": [
        {
          "schema_version": 0,
          "attributes": {
            "datacenter_id": "datacenter-26",
            "id": "datastore-182",
            "name": "datastore1"
          },
          "depends_on": [
            "data.vsphere_datacenter.matran"
          ]
        }
      ]
    },
    {
      "mode": "data",
      "type": "vsphere_network",
      "name": "LAB-1_VLAN2247",
      "provider": "provider.vsphere",
      "instances": [
        {
          "schema_version": 0,
          "attributes": {
            "datacenter_id": "datacenter-26",
            "id": "network-186",
            "name": "LAB-1_VLAN2247",
            "type": "Network"
          },
          "depends_on": [
            "data.vsphere_datacenter.matran"
          ]
        }
      ]
    },
    {
      "mode": "data",
      "type": "vsphere_resource_pool",
      "name": "root_rp",
      "provider": "provider.vsphere",
      "instances": [
        {
          "schema_version": 0,
          "attributes": {
            "datacenter_id": "datacenter-26",
            "id": "resgroup-32",
            "name": "LAB-1/Resources"
          },
          "depends_on": [
            "data.vsphere_datacenter.matran"
          ]
        }
      ]
    },
    {
      "mode": "data",
      "type": "vsphere_virtual_machine",
      "name": "template",
      "provider": "provider.vsphere",
      "instances": [
        {
          "schema_version": 0,
          "attributes": {
            "alternate_guest_name": "",
            "datacenter_id": "datacenter-26",
            "disks": [
              {
                "eagerly_scrub": false,
                "size": 5,
                "thin_provisioned": false
              }
            ],
            "firmware": "bios",
            "guest_id": "ubuntu64Guest",
            "id": "4223e8a0-39fc-b138-76f5-d96da62ed572",
            "name": "U18043V03",
            "network_interface_types": [
              "vmxnet3"
            ],
            "scsi_bus_sharing": "noSharing",
            "scsi_controller_scan_count": 1,
            "scsi_type": "lsilogic"
          },
          "depends_on": [
            "data.vsphere_datacenter.matran"
          ]
        }
      ]
    },
    {
      "mode": "managed",
      "type": "vsphere_folder",
      "name": "terraform_folder",
      "provider": "provider.vsphere",
      "instances": [
        {
          "schema_version": 1,
          "attributes": {
            "custom_attributes": null,
            "datacenter_id": "datacenter-26",
            "id": "group-v296",
            "path": "TerraformVM",
            "tags": null,
            "type": "vm"
          },
          "private": "eyJzY2hlbWFfdmVyc2lvbiI6IjEifQ==",
          "depends_on": [
            "data.vsphere_datacenter.matran"
          ]
        }
      ]
    },
    {
      "mode": "managed",
      "type": "vsphere_virtual_machine",
      "name": "vm_name_01",
      "provider": "provider.vsphere",
      "instances": []
    }
  ]
}
