{
  "version": 4,
  "terraform_version": "0.12.8",
  "serial": 322,
  "lineage": "456522c5-c4ea-2366-39d7-ac926101fff7",
  "outputs": {},
  "resources": [
    {
      "mode": "data",
      "type": "template_file",
      "name": "cloud_config",
      "provider": "provider.template",
      "instances": [
        {
          "schema_version": 0,
          "attributes": {
            "filename": null,
            "id": "9ae5615cc871cb352a8a4e1aaf4b43b520337e28ba7b31c6ad24876dbb24571f",
            "rendered": "#cloud-config\r\nhostname: vm_name_01\r\n#users:\r\n#  - name: cisadm\r\n#    ssh-authorized-keys:\r\n#      - ssh-rsa AAAAB3NzaC1yc2EAAAADAQABAAABAQDMkEvbSeFJrsCoRM3Ge/5SLf24QM4npF0H7FVLIuYdGu4Olj5iOA+yTSnGPoUqLtdJc+bdJT6kswTxENcbyjeHMzjWvq3cVsCWqbTvBUBe65pUBQ/JqFlMOlKKe5S+iXQOqm3/+xO5dECeQJ2xqdQgXAKPOmXfb3nvMyPOi2iutiWw7q7AhQeJrLvUyVXpgKGWGmKbpHiboeRxZJ1kiaYgTmfPry0obZ+ORJY3zfz1XZHrULWARDJDr0QX9Let6b/p6extpyz5wEKLv6OHSYkr7Z0UI1HMhdNwLyj4sVgoEt7bg8Mi4OmBEkmdoSSA3HBEW+IY/8mIueiEbnzEYpbP cisadm@SMANSIBLE001\r\n#    sudo: [\"ALL=(ALL) NOPASSWD:ALL\"]\r\n#    groups: sudo\r\n#    shell: /bin/bash\r\n#  - name: root\r\n#    ssh-authorized-keys:\r\n#      - ssh-rsa AAAAB3NzaC1yc2EAAAADAQABAAABAQDF99X4jp1wO+ZKG8HyBHIAJC6ZKicET68SA9/G0TYg3hVvy85b1Gu5o8jp1JS4jH2ZLRXx9bO8AqPS+UFcqBWKD22069jip+XDPHvk08iONy7Yw0tLorHTM1YfqBp9eqYxjCqiPnPsW9ecRYo+2msRNjVUuXHK0J2ryZsGqr3gkjwP8GUZVwjYuXGLz92zjU2jacTBQXoyNE52+xc6f7PbbmqwpYSgkcutsJS+svjRs4d/Q6Ud5+GGZGiTRou1/ORY4ZK/kZ6nKuwqEwq/q0Kctk5Sn5/huf/3Msr/SjCQ4jYJe4xwgGG85GNSgA9kbfIvBM+L/yyHYAFNfNGKSYyt root@SMANSIBLE001\r\nruncmd:\r\n  - echo testcloudinit \u003e\u003e /home/cisadm/test.txt\r\n",
            "template": "#cloud-config\r\nhostname: vm_name_01\r\n#users:\r\n#  - name: cisadm\r\n#    ssh-authorized-keys:\r\n#      - ssh-rsa AAAAB3NzaC1yc2EAAAADAQABAAABAQDMkEvbSeFJrsCoRM3Ge/5SLf24QM4npF0H7FVLIuYdGu4Olj5iOA+yTSnGPoUqLtdJc+bdJT6kswTxENcbyjeHMzjWvq3cVsCWqbTvBUBe65pUBQ/JqFlMOlKKe5S+iXQOqm3/+xO5dECeQJ2xqdQgXAKPOmXfb3nvMyPOi2iutiWw7q7AhQeJrLvUyVXpgKGWGmKbpHiboeRxZJ1kiaYgTmfPry0obZ+ORJY3zfz1XZHrULWARDJDr0QX9Let6b/p6extpyz5wEKLv6OHSYkr7Z0UI1HMhdNwLyj4sVgoEt7bg8Mi4OmBEkmdoSSA3HBEW+IY/8mIueiEbnzEYpbP cisadm@SMANSIBLE001\r\n#    sudo: [\"ALL=(ALL) NOPASSWD:ALL\"]\r\n#    groups: sudo\r\n#    shell: /bin/bash\r\n#  - name: root\r\n#    ssh-authorized-keys:\r\n#      - ssh-rsa AAAAB3NzaC1yc2EAAAADAQABAAABAQDF99X4jp1wO+ZKG8HyBHIAJC6ZKicET68SA9/G0TYg3hVvy85b1Gu5o8jp1JS4jH2ZLRXx9bO8AqPS+UFcqBWKD22069jip+XDPHvk08iONy7Yw0tLorHTM1YfqBp9eqYxjCqiPnPsW9ecRYo+2msRNjVUuXHK0J2ryZsGqr3gkjwP8GUZVwjYuXGLz92zjU2jacTBQXoyNE52+xc6f7PbbmqwpYSgkcutsJS+svjRs4d/Q6Ud5+GGZGiTRou1/ORY4ZK/kZ6nKuwqEwq/q0Kctk5Sn5/huf/3Msr/SjCQ4jYJe4xwgGG85GNSgA9kbfIvBM+L/yyHYAFNfNGKSYyt root@SMANSIBLE001\r\nruncmd:\r\n  - echo testcloudinit \u003e\u003e /home/cisadm/test.txt\r\n",
            "vars": {
              "vm_name_01": "terratestfca"
            }
          }
        }
      ]
    },
    {
      "mode": "data",
      "type": "vsphere_datacenter",
      "name": "matran",
      "provider": "provider.vsphere",
      "instances": [
        {
          "schema_version": 0,
          "attributes": {
            "id": "datacenter-26",
            "name": null
          }
        }
      ]
    },
    {
      "mode": "data",
      "type": "vsphere_datastore",
      "name": "datastore1",
      "provider": "provider.vsphere",
      "instances": [
        {
          "schema_version": 0,
          "attributes": {
            "datacenter_id": "datacenter-26",
            "id": "datastore-182",
            "name": "datastore1"
          },
          "depends_on": [
            "data.vsphere_datacenter.matran"
          ]
        }
      ]
    },
    {
      "mode": "data",
      "type": "vsphere_network",
      "name": "LAB-1_VLAN2247",
      "provider": "provider.vsphere",
      "instances": [
        {
          "schema_version": 0,
          "attributes": {
            "datacenter_id": "datacenter-26",
            "id": "network-186",
            "name": "LAB-1_VLAN2247",
            "type": "Network"
          },
          "depends_on": [
            "data.vsphere_datacenter.matran"
          ]
        }
      ]
    },
    {
      "mode": "data",
      "type": "vsphere_resource_pool",
      "name": "root_rp",
      "provider": "provider.vsphere",
      "instances": [
        {
          "schema_version": 0,
          "attributes": {
            "datacenter_id": "datacenter-26",
            "id": "resgroup-32",
            "name": "LAB-1/Resources"
          },
          "depends_on": [
            "data.vsphere_datacenter.matran"
          ]
        }
      ]
    },
    {
      "mode": "data",
      "type": "vsphere_virtual_machine",
      "name": "u1804_template",
      "provider": "provider.vsphere",
      "instances": [
        {
          "schema_version": 0,
          "attributes": {
            "alternate_guest_name": "",
            "datacenter_id": "datacenter-26",
            "disks": [
              {
                "eagerly_scrub": false,
                "size": 5,
                "thin_provisioned": false
              }
            ],
            "firmware": "bios",
            "guest_id": "ubuntu64Guest",
            "id": "4223e8a0-39fc-b138-76f5-d96da62ed572",
            "name": "U18043V03",
            "network_interface_types": [
              "vmxnet3"
            ],
            "scsi_bus_sharing": "noSharing",
            "scsi_controller_scan_count": 1,
            "scsi_type": "lsilogic"
          },
          "depends_on": [
            "data.vsphere_datacenter.matran"
          ]
        }
      ]
    },
    {
      "mode": "managed",
      "type": "vsphere_folder",
      "name": "terraform_folder",
      "provider": "provider.vsphere",
      "instances": [
        {
          "schema_version": 1,
          "attributes": {
            "custom_attributes": null,
            "datacenter_id": "datacenter-26",
            "id": "group-v282",
            "path": "TerraformVM",
            "tags": null,
            "type": "vm"
          },
          "private": "eyJzY2hlbWFfdmVyc2lvbiI6IjEifQ==",
          "depends_on": [
            "data.vsphere_datacenter.matran"
          ]
        }
      ]
    },
    {
      "mode": "managed",
      "type": "vsphere_virtual_machine",
      "name": "vm_name_01",
      "provider": "provider.vsphere",
      "instances": [
        {
          "status": "tainted",
          "schema_version": 3,
          "attributes": {
            "alternate_guest_name": "",
            "annotation": "",
            "boot_delay": 0,
            "boot_retry_delay": 10000,
            "boot_retry_enabled": false,
            "cdrom": [],
            "change_version": "2019-10-15T11:17:59.864614Z",
            "clone": [
              {
                "customize": [
                  {
                    "dns_server_list": [
                      "1.1.1.1",
                      "8.8.8.8"
                    ],
                    "dns_suffix_list": [
                      "local"
                    ],
                    "ipv4_gateway": "10.210.8.1",
                    "ipv6_gateway": "",
                    "linux_options": [
                      {
                        "domain": "local",
                        "host_name": "terratestfca",
                        "hw_clock_utc": true,
                        "time_zone": ""
                      }
                    ],
                    "network_interface": [
                      {
                        "dns_domain": "",
                        "dns_server_list": null,
                        "ipv4_address": "10.210.8.199",
                        "ipv4_netmask": 24,
                        "ipv6_address": "",
                        "ipv6_netmask": 0
                      }
                    ],
                    "timeout": 10,
                    "windows_options": [],
                    "windows_sysprep_text": ""
                  }
                ],
                "linked_clone": false,
                "template_uuid": "4223e8a0-39fc-b138-76f5-d96da62ed572",
                "timeout": 30
              }
            ],
            "cpu_hot_add_enabled": false,
            "cpu_hot_remove_enabled": false,
            "cpu_limit": -1,
            "cpu_performance_counters_enabled": false,
            "cpu_reservation": 0,
            "cpu_share_count": 2000,
            "cpu_share_level": "normal",
            "custom_attributes": null,
            "datastore_cluster_id": null,
            "datastore_id": "datastore-182",
            "default_ip_address": "10.210.8.199",
            "disk": [
              {
                "attach": false,
                "datastore_id": "datastore-182",
                "device_address": "scsi:0:0",
                "disk_mode": "persistent",
                "disk_sharing": "sharingNone",
                "eagerly_scrub": false,
                "io_limit": -1,
                "io_reservation": 0,
                "io_share_count": 1000,
                "io_share_level": "normal",
                "keep_on_remove": false,
                "key": 2000,
                "label": "disk0",
                "name": "",
                "path": "terratestfca/terratestfca.vmdk",
                "size": 5,
                "thin_provisioned": false,
                "unit_number": 0,
                "uuid": "6000C29d-f3d6-7793-2bdc-02b041093047",
                "write_through": false
              }
            ],
            "efi_secure_boot_enabled": false,
            "enable_disk_uuid": false,
            "enable_logging": false,
            "ept_rvi_mode": "automatic",
            "extra_config": {
              "guestinfo.userdata": "H4sIAAAAAAAA/6yUS4+rNhiG9yPNf0BnNq3QFEKAXKQe1SQEwp0QEqCqjgI43AIGzCXk11fJmS7adb2yv/f16nn0fUQ31MefEaquWfL+liLcVZcSromh/PG8/KBn728fPYYtXr+/fRDEJ/EzjzJ8icvXiCAwTj8vfZeiNnvA+LOA01f7eT5fcYsvBAAACHPjcdnMpogRn88tsIHwHAN7qxfiEDpwp7R4gw76XIIU52hXhrV1tqp3tLzYnbR978dSz5q3nMtMQE5Hp5Is5DZaFysRGcbKkS/weLyLRhROOZT1R34emnl0wptzEx4HwRUgz9WuYFNKs7vp5k1VIeeQmWebTTmnyLvJxeIG2gpzb2I78YBqmaV3DefVoE+WmTFZ32XncdEsQGpDpdUGdzp5daJKZ6lUw1rOQgQP90CZFdnFT47l1WonGoUBaR4Uf/64PmZeILeudgaHrbJtadtbabDjQ6rm4b2rpwc3iqo28Kbs+EW7CGh3P5P1NDZGbcpZfEqQ2C3CZKlnrFkKYlHGyHHAXBbEM7n3qWW572EmhtVD9OvQ+gL1h6MDw9kLmki/iL6o9TFaE39+A5r2+y9A034lDNMCjnPeroGmffvrq5a0qK/x+lX/52cKb7c1QYVZRYUXnP7LjBah7n/1YrdaeWxez0aTDFRpKU+CvAfKhg/ULBKP/NIBK0qij34yT0/DtOTCmdRzaJnXM8Vhc5kJtIN3X4XmEjSWQ7q7qBHO6pZhaH6VZzXpbS15KOhlZhrTwh/pTkOtfNRn/rUR6hVs/Hu+aTKrsvB5BaODj0imxAcjP7m9J6u0wrRTgKWmnSdFPlpLyQ1OY+73nqQ9Vswjd5n8Eh0F20OTIXIMeY/468IKw7IZa99JiqjvsOKQeMgPmI0pm3djjpSkQMqOB9TPKPPgs4FKFQFfqf3YiGNDNbQadQXnVByV9ldqruOWcvKNzea+Atn7mEjSkpMMJwGrIrzuB0EnNWqaZB/sjKshqY4/dS9M/7Gi7auojNfvb084MEoR0UHcvTZEVmUd8f07QaWohNRPp6hn+lt3797f/gYAAP//AQAA///n+EHXRwQAAA==",
              "guestinfo.userdata.encoding": "gzip+base64"
            },
            "firmware": "bios",
            "folder": "TerraformVM",
            "force_power_off": true,
            "guest_id": "ubuntu64Guest",
            "guest_ip_addresses": [
              "10.210.8.199",
              "fe80::250:56ff:fea3:a09"
            ],
            "host_system_id": "host-181",
            "hv_mode": "hvAuto",
            "id": "4223cb0d-9beb-5c64-58cb-a5541a528875",
            "ignored_guest_ips": null,
            "imported": null,
            "latency_sensitivity": "normal",
            "memory": 4096,
            "memory_hot_add_enabled": false,
            "memory_limit": -1,
            "memory_reservation": 0,
            "memory_share_count": 40960,
            "memory_share_level": "normal",
            "migrate_wait_timeout": 30,
            "moid": "vm-283",
            "name": "terratestfca",
            "nested_hv_enabled": false,
            "network_interface": [
              {
                "adapter_type": "vmxnet3",
                "bandwidth_limit": -1,
                "bandwidth_reservation": 0,
                "bandwidth_share_count": 50,
                "bandwidth_share_level": "normal",
                "device_address": "pci:0:7",
                "key": 4000,
                "mac_address": "00:50:56:a3:0a:09",
                "network_id": "network-186",
                "use_static_mac": false
              }
            ],
            "num_cores_per_socket": 1,
            "num_cpus": 2,
            "reboot_required": false,
            "resource_pool_id": "resgroup-32",
            "run_tools_scripts_after_power_on": true,
            "run_tools_scripts_after_resume": true,
            "run_tools_scripts_before_guest_reboot": false,
            "run_tools_scripts_before_guest_shutdown": true,
            "run_tools_scripts_before_guest_standby": true,
            "scsi_bus_sharing": "noSharing",
            "scsi_controller_count": 1,
            "scsi_type": "pvscsi",
            "shutdown_wait_timeout": 3,
            "swap_placement_policy": "inherit",
            "sync_time_with_host": false,
            "tags": null,
            "uuid": "4223cb0d-9beb-5c64-58cb-a5541a528875",
            "vapp": [],
            "vapp_transport": [],
            "vmware_tools_status": "guestToolsRunning",
            "vmx_path": "terratestfca/terratestfca.vmx",
            "wait_for_guest_ip_timeout": 0,
            "wait_for_guest_net_routable": true,
            "wait_for_guest_net_timeout": 5
          },
          "private": "eyJzY2hlbWFfdmVyc2lvbiI6IjMifQ==",
          "depends_on": [
            "data.template_file.cloud_config",
            "data.vsphere_datastore.datastore1",
            "data.vsphere_network.LAB-1_VLAN2247",
            "data.vsphere_resource_pool.root_rp",
            "data.vsphere_virtual_machine.u1804_template",
            "vsphere_folder.terraform_folder"
          ]
        }
      ]
    }
  ]
}
