{
  "version": 4,
  "terraform_version": "0.12.8",
  "serial": 338,
  "lineage": "456522c5-c4ea-2366-39d7-ac926101fff7",
  "outputs": {},
  "resources": [
    {
      "mode": "data",
      "type": "vsphere_datacenter",
      "name": "matran",
      "provider": "provider.vsphere",
      "instances": [
        {
          "schema_version": 0,
          "attributes": {
            "id": "datacenter-26",
            "name": null
          }
        }
      ]
    },
    {
      "mode": "managed",
      "type": "vsphere_folder",
      "name": "terraform_folder",
      "provider": "provider.vsphere",
      "instances": [
        {
          "schema_version": 1,
          "attributes": {
            "custom_attributes": {},
            "datacenter_id": "datacenter-26",
            "id": "group-v284",
            "path": "TerraformVM",
            "tags": [],
            "type": "vm"
          }
        }
      ]
    },
    {
      "mode": "managed",
      "type": "vsphere_virtual_machine",
      "name": "vm_name_01",
      "provider": "provider.vsphere",
      "instances": []
    }
  ]
}
