{
  "version": 4,
  "terraform_version": "0.12.10",
  "serial": 13,
  "lineage": "57203439-e184-8fc1-629b-b054873c99c3",
  "outputs": {},
  "resources": [
    {
      "mode": "data",
      "type": "template_file",
      "name": "cloud_config",
      "provider": "provider.template",
      "instances": [
        {
          "schema_version": 0,
          "attributes": {
            "filename": null,
            "id": "66744b0a092f0e5dfc40aa8647df2e7e55a6da79851e82f39f838bf9b38a47ec",
            "rendered": "#cloud-config\r\nhostname: vm_name_01\r\nusers:\r\n  - name: cisadm\r\n    ssh-authorized-keys:\r\n      - ssh-rsa AAAAB3NzaC1yc2EAAAADAQABAAABAQDMkEvbSeFJrsCoRM3Ge/5SLf24QM4npF0H7FVLIuYdGu4Olj5iOA+yTSnGPoUqLtdJc+bdJT6kswTxENcbyjeHMzjWvq3cVsCWqbTvBUBe65pUBQ/JqFlMOlKKe5S+iXQOqm3/+xO5dECeQJ2xqdQgXAKPOmXfb3nvMyPOi2iutiWw7q7AhQeJrLvUyVXpgKGWGmKbpHiboeRxZJ1kiaYgTmfPry0obZ+ORJY3zfz1XZHrULWARDJDr0QX9Let6b/p6extpyz5wEKLv6OHSYkr7Z0UI1HMhdNwLyj4sVgoEt7bg8Mi4OmBEkmdoSSA3HBEW+IY/8mIueiEbnzEYpbP cisadm@SMANSIBLE001\r\n    sudo: [\"ALL=(ALL) NOPASSWD:ALL\"]\r\n    groups: sudo\r\n    shell: /bin/bash\r\n  - name: root\r\n    ssh-authorized-keys:\r\n      - ssh-rsa AAAAB3NzaC1yc2EAAAADAQABAAABAQDF99X4jp1wO+ZKG8HyBHIAJC6ZKicET68SA9/G0TYg3hVvy85b1Gu5o8jp1JS4jH2ZLRXx9bO8AqPS+UFcqBWKD22069jip+XDPHvk08iONy7Yw0tLorHTM1YfqBp9eqYxjCqiPnPsW9ecRYo+2msRNjVUuXHK0J2ryZsGqr3gkjwP8GUZVwjYuXGLz92zjU2jacTBQXoyNE52+xc6f7PbbmqwpYSgkcutsJS+svjRs4d/Q6Ud5+GGZGiTRou1/ORY4ZK/kZ6nKuwqEwq/q0Kctk5Sn5/huf/3Msr/SjCQ4jYJe4xwgGG85GNSgA9kbfIvBM+L/yyHYAFNfNGKSYyt root@SMANSIBLE001\r\nruncmd:\r\n  - echo testcloudinit \u003e\u003e /home/cisadm/test.txt\r\n",
            "template": "#cloud-config\r\nhostname: vm_name_01\r\nusers:\r\n  - name: cisadm\r\n    ssh-authorized-keys:\r\n      - ssh-rsa AAAAB3NzaC1yc2EAAAADAQABAAABAQDMkEvbSeFJrsCoRM3Ge/5SLf24QM4npF0H7FVLIuYdGu4Olj5iOA+yTSnGPoUqLtdJc+bdJT6kswTxENcbyjeHMzjWvq3cVsCWqbTvBUBe65pUBQ/JqFlMOlKKe5S+iXQOqm3/+xO5dECeQJ2xqdQgXAKPOmXfb3nvMyPOi2iutiWw7q7AhQeJrLvUyVXpgKGWGmKbpHiboeRxZJ1kiaYgTmfPry0obZ+ORJY3zfz1XZHrULWARDJDr0QX9Let6b/p6extpyz5wEKLv6OHSYkr7Z0UI1HMhdNwLyj4sVgoEt7bg8Mi4OmBEkmdoSSA3HBEW+IY/8mIueiEbnzEYpbP cisadm@SMANSIBLE001\r\n    sudo: [\"ALL=(ALL) NOPASSWD:ALL\"]\r\n    groups: sudo\r\n    shell: /bin/bash\r\n  - name: root\r\n    ssh-authorized-keys:\r\n      - ssh-rsa AAAAB3NzaC1yc2EAAAADAQABAAABAQDF99X4jp1wO+ZKG8HyBHIAJC6ZKicET68SA9/G0TYg3hVvy85b1Gu5o8jp1JS4jH2ZLRXx9bO8AqPS+UFcqBWKD22069jip+XDPHvk08iONy7Yw0tLorHTM1YfqBp9eqYxjCqiPnPsW9ecRYo+2msRNjVUuXHK0J2ryZsGqr3gkjwP8GUZVwjYuXGLz92zjU2jacTBQXoyNE52+xc6f7PbbmqwpYSgkcutsJS+svjRs4d/Q6Ud5+GGZGiTRou1/ORY4ZK/kZ6nKuwqEwq/q0Kctk5Sn5/huf/3Msr/SjCQ4jYJe4xwgGG85GNSgA9kbfIvBM+L/yyHYAFNfNGKSYyt root@SMANSIBLE001\r\nruncmd:\r\n  - echo testcloudinit \u003e\u003e /home/cisadm/test.txt\r\n",
            "vars": {
              "vm_name_01": "terratestfca"
            }
          }
        }
      ]
    },
    {
      "mode": "data",
      "type": "vsphere_datacenter",
      "name": "matran",
      "provider": "provider.vsphere",
      "instances": [
        {
          "schema_version": 0,
          "attributes": {
            "id": "datacenter-26",
            "name": null
          }
        }
      ]
    },
    {
      "mode": "data",
      "type": "vsphere_datastore",
      "name": "datastore1",
      "provider": "provider.vsphere",
      "instances": [
        {
          "schema_version": 0,
          "attributes": {
            "datacenter_id": "datacenter-26",
            "id": "datastore-298",
            "name": "vmwarelab01"
          },
          "depends_on": [
            "data.vsphere_datacenter.matran"
          ]
        }
      ]
    },
    {
      "mode": "data",
      "type": "vsphere_network",
      "name": "LAB-1_VLAN2247",
      "provider": "provider.vsphere",
      "instances": [
        {
          "schema_version": 0,
          "attributes": {
            "datacenter_id": "datacenter-26",
            "id": "network-186",
            "name": "LAB-1_VLAN2247",
            "type": "Network"
          },
          "depends_on": [
            "data.vsphere_datacenter.matran"
          ]
        }
      ]
    },
    {
      "mode": "data",
      "type": "vsphere_resource_pool",
      "name": "root_rp",
      "provider": "provider.vsphere",
      "instances": [
        {
          "schema_version": 0,
          "attributes": {
            "datacenter_id": "datacenter-26",
            "id": "resgroup-32",
            "name": "LAB-1/Resources"
          },
          "depends_on": [
            "data.vsphere_datacenter.matran"
          ]
        }
      ]
    },
    {
      "mode": "data",
      "type": "vsphere_virtual_machine",
      "name": "template",
      "provider": "provider.vsphere",
      "instances": [
        {
          "schema_version": 0,
          "attributes": {
            "alternate_guest_name": "",
            "datacenter_id": "datacenter-26",
            "disks": [
              {
                "eagerly_scrub": false,
                "size": 16,
                "thin_provisioned": true
              }
            ],
            "firmware": "bios",
            "guest_id": "sles12_64Guest",
            "id": "4223727a-6baf-8809-5d97-886437d2b1de",
            "name": "SLES12SP1SAP01",
            "network_interface_types": [
              "vmxnet3"
            ],
            "scsi_bus_sharing": "noSharing",
            "scsi_controller_scan_count": 1,
            "scsi_type": "lsilogic"
          },
          "depends_on": [
            "data.vsphere_datacenter.matran"
          ]
        }
      ]
    },
    {
      "mode": "managed",
      "type": "vsphere_folder",
      "name": "terraform_folder",
      "provider": "provider.vsphere",
      "instances": [
        {
          "schema_version": 1,
          "attributes": {
            "custom_attributes": null,
            "datacenter_id": "datacenter-26",
            "id": "group-v308",
            "path": "SAP-IaC-FCA",
            "tags": null,
            "type": "vm"
          },
          "private": "eyJzY2hlbWFfdmVyc2lvbiI6IjEifQ==",
          "depends_on": [
            "data.vsphere_datacenter.matran"
          ]
        }
      ]
    },
    {
      "mode": "managed",
      "type": "vsphere_virtual_machine",
      "name": "vm_name_01",
      "provider": "provider.vsphere",
      "instances": [
        {
          "status": "tainted",
          "schema_version": 3,
          "attributes": {
            "alternate_guest_name": null,
            "annotation": null,
            "boot_delay": null,
            "boot_retry_delay": 10000,
            "boot_retry_enabled": null,
            "cdrom": [],
            "change_version": null,
            "clone": [
              {
                "customize": [
                  {
                    "dns_server_list": [
                      "1.1.1.1",
                      "8.8.8.8"
                    ],
                    "dns_suffix_list": [
                      "local"
                    ],
                    "ipv4_gateway": "10.210.8.1",
                    "ipv6_gateway": "",
                    "linux_options": [
                      {
                        "domain": "local",
                        "host_name": "terratestfca",
                        "hw_clock_utc": true,
                        "time_zone": ""
                      }
                    ],
                    "network_interface": [
                      {
                        "dns_domain": "",
                        "dns_server_list": null,
                        "ipv4_address": "10.210.8.199",
                        "ipv4_netmask": 24,
                        "ipv6_address": "",
                        "ipv6_netmask": 0
                      }
                    ],
                    "timeout": 10,
                    "windows_options": [],
                    "windows_sysprep_text": ""
                  }
                ],
                "linked_clone": false,
                "template_uuid": "4223727a-6baf-8809-5d97-886437d2b1de",
                "timeout": 30
              }
            ],
            "cpu_hot_add_enabled": null,
            "cpu_hot_remove_enabled": null,
            "cpu_limit": -1,
            "cpu_performance_counters_enabled": null,
            "cpu_reservation": null,
            "cpu_share_count": null,
            "cpu_share_level": "normal",
            "custom_attributes": null,
            "datastore_cluster_id": null,
            "datastore_id": "datastore-298",
            "default_ip_address": null,
            "disk": [
              {
                "attach": false,
                "datastore_id": "datastore-298",
                "device_address": "scsi:0:0",
                "disk_mode": "persistent",
                "disk_sharing": "sharingNone",
                "eagerly_scrub": false,
                "io_limit": -1,
                "io_reservation": 0,
                "io_share_count": 1000,
                "io_share_level": "normal",
                "keep_on_remove": false,
                "key": 2000,
                "label": "disk0",
                "name": "",
                "path": "terratestfca/terratestfca.vmdk",
                "size": 16,
                "thin_provisioned": true,
                "unit_number": 0,
                "uuid": "6000C29d-a679-4913-38ad-8a344a01f3f7",
                "write_through": false
              }
            ],
            "efi_secure_boot_enabled": null,
            "enable_disk_uuid": null,
            "enable_logging": null,
            "ept_rvi_mode": "automatic",
            "extra_config": null,
            "firmware": "bios",
            "folder": "SAP-IaC-FCA",
            "force_power_off": true,
            "guest_id": "sles12_64Guest",
            "guest_ip_addresses": null,
            "host_system_id": null,
            "hv_mode": "hvAuto",
            "id": "4223757e-6f2c-95aa-dbfc-d642a4de70b7",
            "ignored_guest_ips": null,
            "imported": null,
            "latency_sensitivity": "normal",
            "memory": 4096,
            "memory_hot_add_enabled": null,
            "memory_limit": -1,
            "memory_reservation": null,
            "memory_share_count": null,
            "memory_share_level": "normal",
            "migrate_wait_timeout": 30,
            "moid": null,
            "name": "terratestfca",
            "nested_hv_enabled": null,
            "network_interface": [
              {
                "adapter_type": "vmxnet3",
                "bandwidth_limit": -1,
                "bandwidth_reservation": 0,
                "bandwidth_share_count": 0,
                "bandwidth_share_level": "normal",
                "device_address": "pci:0:7",
                "key": 4000,
                "mac_address": "",
                "network_id": "network-186",
                "use_static_mac": false
              }
            ],
            "num_cores_per_socket": 1,
            "num_cpus": 2,
            "reboot_required": true,
            "resource_pool_id": "resgroup-32",
            "run_tools_scripts_after_power_on": true,
            "run_tools_scripts_after_resume": true,
            "run_tools_scripts_before_guest_reboot": null,
            "run_tools_scripts_before_guest_shutdown": true,
            "run_tools_scripts_before_guest_standby": true,
            "scsi_bus_sharing": "noSharing",
            "scsi_controller_count": 1,
            "scsi_type": "pvscsi",
            "shutdown_wait_timeout": 3,
            "swap_placement_policy": "inherit",
            "sync_time_with_host": null,
            "tags": null,
            "uuid": null,
            "vapp": [],
            "vapp_transport": null,
            "vmware_tools_status": null,
            "vmx_path": null,
            "wait_for_guest_ip_timeout": 0,
            "wait_for_guest_net_routable": true,
            "wait_for_guest_net_timeout": 5
          },
          "private": "eyJzY2hlbWFfdmVyc2lvbiI6IjMifQ==",
          "depends_on": [
            "data.vsphere_datastore.datastore1",
            "data.vsphere_network.LAB-1_VLAN2247",
            "data.vsphere_resource_pool.root_rp",
            "data.vsphere_virtual_machine.template",
            "vsphere_folder.terraform_folder"
          ]
        }
      ]
    }
  ]
}
